// !$*UTF8*$!
{
	archiveVersion = 1;
	classes = {
	};
	objectVersion = 50;
	objects = {

/* Begin PBXBuildFile section */
		8943A9EE281BB2AA0045FF71 /* MyOrder.swift in Sources */ = {isa = PBXBuildFile; fileRef = 8943A9ED281BB2AA0045FF71 /* MyOrder.swift */; };
		8943A9F0281BBE690045FF71 /* MyOrderTableViewCell.swift in Sources */ = {isa = PBXBuildFile; fileRef = 8943A9EF281BBE690045FF71 /* MyOrderTableViewCell.swift */; };
		8943A9F2281BE35E0045FF71 /* CartTableViewCell.swift in Sources */ = {isa = PBXBuildFile; fileRef = 8943A9F1281BE35E0045FF71 /* CartTableViewCell.swift */; };
		8943A9F4281BF1FA0045FF71 /* MyCart.swift in Sources */ = {isa = PBXBuildFile; fileRef = 8943A9F3281BF1FA0045FF71 /* MyCart.swift */; };
		89597E0927F7F12500CDADEC /* AppDelegate.swift in Sources */ = {isa = PBXBuildFile; fileRef = 89597E0827F7F12500CDADEC /* AppDelegate.swift */; };
		89597E0B27F7F12500CDADEC /* SceneDelegate.swift in Sources */ = {isa = PBXBuildFile; fileRef = 89597E0A27F7F12500CDADEC /* SceneDelegate.swift */; };
		89597E0D27F7F12500CDADEC /* ViewController.swift in Sources */ = {isa = PBXBuildFile; fileRef = 89597E0C27F7F12500CDADEC /* ViewController.swift */; };
		89597E1027F7F12500CDADEC /* Main.storyboard in Resources */ = {isa = PBXBuildFile; fileRef = 89597E0E27F7F12500CDADEC /* Main.storyboard */; };
		89597E1327F7F12500CDADEC /* IT19180526.xcdatamodeld in Sources */ = {isa = PBXBuildFile; fileRef = 89597E1127F7F12500CDADEC /* IT19180526.xcdatamodeld */; };
		89597E1527F7F12600CDADEC /* Assets.xcassets in Resources */ = {isa = PBXBuildFile; fileRef = 89597E1427F7F12600CDADEC /* Assets.xcassets */; };
		89597E1827F7F12600CDADEC /* LaunchScreen.storyboard in Resources */ = {isa = PBXBuildFile; fileRef = 89597E1627F7F12600CDADEC /* LaunchScreen.storyboard */; };
		89597E2327F7F42E00CDADEC /* Product+CoreDataClass.swift in Sources */ = {isa = PBXBuildFile; fileRef = 89597E1F27F7F42E00CDADEC /* Product+CoreDataClass.swift */; };
		89597E2427F7F42E00CDADEC /* Product+CoreDataProperties.swift in Sources */ = {isa = PBXBuildFile; fileRef = 89597E2027F7F42E00CDADEC /* Product+CoreDataProperties.swift */; };
		89597E2527F7F42E00CDADEC /* User+CoreDataClass.swift in Sources */ = {isa = PBXBuildFile; fileRef = 89597E2127F7F42E00CDADEC /* User+CoreDataClass.swift */; };
		89597E2627F7F42E00CDADEC /* User+CoreDataProperties.swift in Sources */ = {isa = PBXBuildFile; fileRef = 89597E2227F7F42E00CDADEC /* User+CoreDataProperties.swift */; };
		89597E3127F7F60300CDADEC /* Constants.swift in Sources */ = {isa = PBXBuildFile; fileRef = 89597E3027F7F60300CDADEC /* Constants.swift */; };
		89597E3327F8154800CDADEC /* LoginViewController.swift in Sources */ = {isa = PBXBuildFile; fileRef = 89597E3227F8154800CDADEC /* LoginViewController.swift */; };
		89597E3527F8156E00CDADEC /* HomeViewController.swift in Sources */ = {isa = PBXBuildFile; fileRef = 89597E3427F8156E00CDADEC /* HomeViewController.swift */; };
		89597E3727F815E900CDADEC /* SignupViewController.swift in Sources */ = {isa = PBXBuildFile; fileRef = 89597E3627F815E900CDADEC /* SignupViewController.swift */; };
		89597E3927F8160600CDADEC /* ForgotPasswordViewController.swift in Sources */ = {isa = PBXBuildFile; fileRef = 89597E3827F8160600CDADEC /* ForgotPasswordViewController.swift */; };
		89597E3B27F8162600CDADEC /* ResetPasswordViewController.swift in Sources */ = {isa = PBXBuildFile; fileRef = 89597E3A27F8162600CDADEC /* ResetPasswordViewController.swift */; };
		89597E3D27F8168A00CDADEC /* AboutViewController.swift in Sources */ = {isa = PBXBuildFile; fileRef = 89597E3C27F8168A00CDADEC /* AboutViewController.swift */; };
		8992E9772813CC38000C9BEE /* FeaturedProductsViewController.swift in Sources */ = {isa = PBXBuildFile; fileRef = 8992E9762813CC38000C9BEE /* FeaturedProductsViewController.swift */; };
		8992E9792813CC65000C9BEE /* NewProductsViewController.swift in Sources */ = {isa = PBXBuildFile; fileRef = 8992E9782813CC65000C9BEE /* NewProductsViewController.swift */; };
		8992E97B2813E03A000C9BEE /* FeaturedProductListCollectionViewCell.swift in Sources */ = {isa = PBXBuildFile; fileRef = 8992E97A2813E03A000C9BEE /* FeaturedProductListCollectionViewCell.swift */; };
		8992E97E2813E3C8000C9BEE /* ProductItem.swift in Sources */ = {isa = PBXBuildFile; fileRef = 8992E97D2813E3C8000C9BEE /* ProductItem.swift */; };
		8992E98028140B78000C9BEE /* NewProductsListCollectionViewCell.swift in Sources */ = {isa = PBXBuildFile; fileRef = 8992E97F28140B78000C9BEE /* NewProductsListCollectionViewCell.swift */; };
		8992E986281414B8000C9BEE /* HomeFeaturedProductsCollectionViewCell.swift in Sources */ = {isa = PBXBuildFile; fileRef = 8992E985281414B8000C9BEE /* HomeFeaturedProductsCollectionViewCell.swift */; };
		8992E989281414D3000C9BEE /* HomeNewProductsCollectionViewCell.swift in Sources */ = {isa = PBXBuildFile; fileRef = 8992E988281414D3000C9BEE /* HomeNewProductsCollectionViewCell.swift */; };
		89CCA87228015C0B009F9DC4 /* LandingViewController.swift in Sources */ = {isa = PBXBuildFile; fileRef = 89CCA87128015C0B009F9DC4 /* LandingViewController.swift */; };
		89CCA87428015CC0009F9DC4 /* MyOrdersViewController.swift in Sources */ = {isa = PBXBuildFile; fileRef = 89CCA87328015CC0009F9DC4 /* MyOrdersViewController.swift */; };
		89CCA87628015CCC009F9DC4 /* MoreViewController.swift in Sources */ = {isa = PBXBuildFile; fileRef = 89CCA87528015CCC009F9DC4 /* MoreViewController.swift */; };
		89CCA87828015CDC009F9DC4 /* CartViewController.swift in Sources */ = {isa = PBXBuildFile; fileRef = 89CCA87728015CDC009F9DC4 /* CartViewController.swift */; };
		89CCA87C280165BF009F9DC4 /* HomeUITabBarController.swift in Sources */ = {isa = PBXBuildFile; fileRef = 89CCA87B280165BF009F9DC4 /* HomeUITabBarController.swift */; };
		89F96983281532160087AC9E /* ProductInfoViewController.swift in Sources */ = {isa = PBXBuildFile; fileRef = 89F96982281532160087AC9E /* ProductInfoViewController.swift */; };
		89F9698528156E300087AC9E /* TermConditionViewController.swift in Sources */ = {isa = PBXBuildFile; fileRef = 89F9698428156E300087AC9E /* TermConditionViewController.swift */; };
		89F9698728156E4C0087AC9E /* PrivacyViewController.swift in Sources */ = {isa = PBXBuildFile; fileRef = 89F9698628156E4C0087AC9E /* PrivacyViewController.swift */; };
/* End PBXBuildFile section */

/* Begin PBXFileReference section */
		8943A9ED281BB2AA0045FF71 /* MyOrder.swift */ = {isa = PBXFileReference; lastKnownFileType = sourcecode.swift; path = MyOrder.swift; sourceTree = "<group>"; };
		8943A9EF281BBE690045FF71 /* MyOrderTableViewCell.swift */ = {isa = PBXFileReference; lastKnownFileType = sourcecode.swift; path = MyOrderTableViewCell.swift; sourceTree = "<group>"; };
		8943A9F1281BE35E0045FF71 /* CartTableViewCell.swift */ = {isa = PBXFileReference; lastKnownFileType = sourcecode.swift; path = CartTableViewCell.swift; sourceTree = "<group>"; };
		8943A9F3281BF1FA0045FF71 /* MyCart.swift */ = {isa = PBXFileReference; lastKnownFileType = sourcecode.swift; path = MyCart.swift; sourceTree = "<group>"; };
		89597E0527F7F12500CDADEC /* IT19180526.app */ = {isa = PBXFileReference; explicitFileType = wrapper.application; includeInIndex = 0; path = IT19180526.app; sourceTree = BUILT_PRODUCTS_DIR; };
		89597E0827F7F12500CDADEC /* AppDelegate.swift */ = {isa = PBXFileReference; lastKnownFileType = sourcecode.swift; path = AppDelegate.swift; sourceTree = "<group>"; };
		89597E0A27F7F12500CDADEC /* SceneDelegate.swift */ = {isa = PBXFileReference; lastKnownFileType = sourcecode.swift; path = SceneDelegate.swift; sourceTree = "<group>"; };
		89597E0C27F7F12500CDADEC /* ViewController.swift */ = {isa = PBXFileReference; lastKnownFileType = sourcecode.swift; path = ViewController.swift; sourceTree = "<group>"; };
		89597E0F27F7F12500CDADEC /* Base */ = {isa = PBXFileReference; lastKnownFileType = file.storyboard; name = Base; path = Base.lproj/Main.storyboard; sourceTree = "<group>"; };
		89597E1227F7F12500CDADEC /* IT19180526.xcdatamodel */ = {isa = PBXFileReference; lastKnownFileType = wrapper.xcdatamodel; path = IT19180526.xcdatamodel; sourceTree = "<group>"; };
		89597E1427F7F12600CDADEC /* Assets.xcassets */ = {isa = PBXFileReference; lastKnownFileType = folder.assetcatalog; path = Assets.xcassets; sourceTree = "<group>"; };
		89597E1727F7F12600CDADEC /* Base */ = {isa = PBXFileReference; lastKnownFileType = file.storyboard; name = Base; path = Base.lproj/LaunchScreen.storyboard; sourceTree = "<group>"; };
		89597E1927F7F12600CDADEC /* Info.plist */ = {isa = PBXFileReference; lastKnownFileType = text.plist.xml; path = Info.plist; sourceTree = "<group>"; };
		89597E1F27F7F42E00CDADEC /* Product+CoreDataClass.swift */ = {isa = PBXFileReference; lastKnownFileType = sourcecode.swift; path = "Product+CoreDataClass.swift"; sourceTree = "<group>"; };
		89597E2027F7F42E00CDADEC /* Product+CoreDataProperties.swift */ = {isa = PBXFileReference; lastKnownFileType = sourcecode.swift; path = "Product+CoreDataProperties.swift"; sourceTree = "<group>"; };
		89597E2127F7F42E00CDADEC /* User+CoreDataClass.swift */ = {isa = PBXFileReference; lastKnownFileType = sourcecode.swift; path = "User+CoreDataClass.swift"; sourceTree = "<group>"; };
		89597E2227F7F42E00CDADEC /* User+CoreDataProperties.swift */ = {isa = PBXFileReference; lastKnownFileType = sourcecode.swift; path = "User+CoreDataProperties.swift"; sourceTree = "<group>"; };
		89597E3027F7F60300CDADEC /* Constants.swift */ = {isa = PBXFileReference; lastKnownFileType = sourcecode.swift; path = Constants.swift; sourceTree = "<group>"; };
		89597E3227F8154800CDADEC /* LoginViewController.swift */ = {isa = PBXFileReference; lastKnownFileType = sourcecode.swift; path = LoginViewController.swift; sourceTree = "<group>"; };
		89597E3427F8156E00CDADEC /* HomeViewController.swift */ = {isa = PBXFileReference; lastKnownFileType = sourcecode.swift; path = HomeViewController.swift; sourceTree = "<group>"; };
		89597E3627F815E900CDADEC /* SignupViewController.swift */ = {isa = PBXFileReference; lastKnownFileType = sourcecode.swift; path = SignupViewController.swift; sourceTree = "<group>"; };
		89597E3827F8160600CDADEC /* ForgotPasswordViewController.swift */ = {isa = PBXFileReference; lastKnownFileType = sourcecode.swift; path = ForgotPasswordViewController.swift; sourceTree = "<group>"; };
		89597E3A27F8162600CDADEC /* ResetPasswordViewController.swift */ = {isa = PBXFileReference; lastKnownFileType = sourcecode.swift; path = ResetPasswordViewController.swift; sourceTree = "<group>"; };
		89597E3C27F8168A00CDADEC /* AboutViewController.swift */ = {isa = PBXFileReference; lastKnownFileType = sourcecode.swift; path = AboutViewController.swift; sourceTree = "<group>"; };
		8992E9762813CC38000C9BEE /* FeaturedProductsViewController.swift */ = {isa = PBXFileReference; lastKnownFileType = sourcecode.swift; path = FeaturedProductsViewController.swift; sourceTree = "<group>"; };
		8992E9782813CC65000C9BEE /* NewProductsViewController.swift */ = {isa = PBXFileReference; lastKnownFileType = sourcecode.swift; path = NewProductsViewController.swift; sourceTree = "<group>"; };
		8992E97A2813E03A000C9BEE /* FeaturedProductListCollectionViewCell.swift */ = {isa = PBXFileReference; lastKnownFileType = sourcecode.swift; path = FeaturedProductListCollectionViewCell.swift; sourceTree = "<group>"; };
		8992E97D2813E3C8000C9BEE /* ProductItem.swift */ = {isa = PBXFileReference; lastKnownFileType = sourcecode.swift; path = ProductItem.swift; sourceTree = "<group>"; };
		8992E97F28140B78000C9BEE /* NewProductsListCollectionViewCell.swift */ = {isa = PBXFileReference; lastKnownFileType = sourcecode.swift; path = NewProductsListCollectionViewCell.swift; sourceTree = "<group>"; };
		8992E985281414B8000C9BEE /* HomeFeaturedProductsCollectionViewCell.swift */ = {isa = PBXFileReference; lastKnownFileType = sourcecode.swift; path = HomeFeaturedProductsCollectionViewCell.swift; sourceTree = "<group>"; };
		8992E988281414D3000C9BEE /* HomeNewProductsCollectionViewCell.swift */ = {isa = PBXFileReference; lastKnownFileType = sourcecode.swift; path = HomeNewProductsCollectionViewCell.swift; sourceTree = "<group>"; };
		89CCA87128015C0B009F9DC4 /* LandingViewController.swift */ = {isa = PBXFileReference; lastKnownFileType = sourcecode.swift; path = LandingViewController.swift; sourceTree = "<group>"; };
		89CCA87328015CC0009F9DC4 /* MyOrdersViewController.swift */ = {isa = PBXFileReference; lastKnownFileType = sourcecode.swift; path = MyOrdersViewController.swift; sourceTree = "<group>"; };
		89CCA87528015CCC009F9DC4 /* MoreViewController.swift */ = {isa = PBXFileReference; lastKnownFileType = sourcecode.swift; path = MoreViewController.swift; sourceTree = "<group>"; };
		89CCA87728015CDC009F9DC4 /* CartViewController.swift */ = {isa = PBXFileReference; lastKnownFileType = sourcecode.swift; path = CartViewController.swift; sourceTree = "<group>"; };
		89CCA87B280165BF009F9DC4 /* HomeUITabBarController.swift */ = {isa = PBXFileReference; lastKnownFileType = sourcecode.swift; path = HomeUITabBarController.swift; sourceTree = "<group>"; };
		89F96982281532160087AC9E /* ProductInfoViewController.swift */ = {isa = PBXFileReference; lastKnownFileType = sourcecode.swift; path = ProductInfoViewController.swift; sourceTree = "<group>"; };
		89F9698428156E300087AC9E /* TermConditionViewController.swift */ = {isa = PBXFileReference; lastKnownFileType = sourcecode.swift; path = TermConditionViewController.swift; sourceTree = "<group>"; };
		89F9698628156E4C0087AC9E /* PrivacyViewController.swift */ = {isa = PBXFileReference; lastKnownFileType = sourcecode.swift; path = PrivacyViewController.swift; sourceTree = "<group>"; };
/* End PBXFileReference section */

/* Begin PBXFrameworksBuildPhase section */
		89597E0227F7F12500CDADEC /* Frameworks */ = {
			isa = PBXFrameworksBuildPhase;
			buildActionMask = 2147483647;
			files = (
			);
			runOnlyForDeploymentPostprocessing = 0;
		};
/* End PBXFrameworksBuildPhase section */

/* Begin PBXGroup section */
		89597DFC27F7F12500CDADEC = {
			isa = PBXGroup;
			children = (
				89597E0727F7F12500CDADEC /* IT19180526 */,
				89597E0627F7F12500CDADEC /* Products */,
			);
			sourceTree = "<group>";
		};
		89597E0627F7F12500CDADEC /* Products */ = {
			isa = PBXGroup;
			children = (
				89597E0527F7F12500CDADEC /* IT19180526.app */,
			);
			name = Products;
			sourceTree = "<group>";
		};
		89597E0727F7F12500CDADEC /* IT19180526 */ = {
			isa = PBXGroup;
			children = (
				89597E2C27F7F57F00CDADEC /* Resources */,
				89597E2827F7F50300CDADEC /* Classes */,
				89597E0827F7F12500CDADEC /* AppDelegate.swift */,
				89597E0A27F7F12500CDADEC /* SceneDelegate.swift */,
				89597E0C27F7F12500CDADEC /* ViewController.swift */,
				89597E0E27F7F12500CDADEC /* Main.storyboard */,
				89597E1427F7F12600CDADEC /* Assets.xcassets */,
				89597E1627F7F12600CDADEC /* LaunchScreen.storyboard */,
				89597E1927F7F12600CDADEC /* Info.plist */,
				89597E1127F7F12500CDADEC /* IT19180526.xcdatamodeld */,
			);
			path = IT19180526;
			sourceTree = "<group>";
		};
		89597E2727F7F43F00CDADEC /* Model */ = {
			isa = PBXGroup;
			children = (
				89597E1F27F7F42E00CDADEC /* Product+CoreDataClass.swift */,
				89597E2027F7F42E00CDADEC /* Product+CoreDataProperties.swift */,
				89597E2127F7F42E00CDADEC /* User+CoreDataClass.swift */,
				89597E2227F7F42E00CDADEC /* User+CoreDataProperties.swift */,
			);
			path = Model;
			sourceTree = "<group>";
		};
		89597E2827F7F50300CDADEC /* Classes */ = {
			isa = PBXGroup;
			children = (
				8992E97C2813E398000C9BEE /* Data */,
				89597E2B27F7F54600CDADEC /* ViewControllers */,
				89597E2A27F7F52C00CDADEC /* Utils */,
				89597E2927F7F51D00CDADEC /* Services */,
				89597E2727F7F43F00CDADEC /* Model */,
			);
			path = Classes;
			sourceTree = "<group>";
		};
		89597E2927F7F51D00CDADEC /* Services */ = {
			isa = PBXGroup;
			children = (
			);
			path = Services;
			sourceTree = "<group>";
		};
		89597E2A27F7F52C00CDADEC /* Utils */ = {
			isa = PBXGroup;
			children = (
				89597E3027F7F60300CDADEC /* Constants.swift */,
			);
			path = Utils;
			sourceTree = "<group>";
		};
		89597E2B27F7F54600CDADEC /* ViewControllers */ = {
			isa = PBXGroup;
			children = (
				89597E3C27F8168A00CDADEC /* AboutViewController.swift */,
				8943A9F1281BE35E0045FF71 /* CartTableViewCell.swift */,
				89CCA87728015CDC009F9DC4 /* CartViewController.swift */,
				8992E97A2813E03A000C9BEE /* FeaturedProductListCollectionViewCell.swift */,
				8992E9762813CC38000C9BEE /* FeaturedProductsViewController.swift */,
				89597E3827F8160600CDADEC /* ForgotPasswordViewController.swift */,
				8992E985281414B8000C9BEE /* HomeFeaturedProductsCollectionViewCell.swift */,
				8992E988281414D3000C9BEE /* HomeNewProductsCollectionViewCell.swift */,
				89CCA87B280165BF009F9DC4 /* HomeUITabBarController.swift */,
				89597E3427F8156E00CDADEC /* HomeViewController.swift */,
				89CCA87128015C0B009F9DC4 /* LandingViewController.swift */,
				89597E3227F8154800CDADEC /* LoginViewController.swift */,
				89CCA87528015CCC009F9DC4 /* MoreViewController.swift */,
				89CCA87328015CC0009F9DC4 /* MyOrdersViewController.swift */,
				8943A9EF281BBE690045FF71 /* MyOrderTableViewCell.swift */,
				8992E97F28140B78000C9BEE /* NewProductsListCollectionViewCell.swift */,
				8992E9782813CC65000C9BEE /* NewProductsViewController.swift */,
				89F9698628156E4C0087AC9E /* PrivacyViewController.swift */,
				89F96982281532160087AC9E /* ProductInfoViewController.swift */,
				89597E3A27F8162600CDADEC /* ResetPasswordViewController.swift */,
				89597E3627F815E900CDADEC /* SignupViewController.swift */,
				89F9698428156E300087AC9E /* TermConditionViewController.swift */,
			);
			path = ViewControllers;
			sourceTree = "<group>";
		};
		89597E2C27F7F57F00CDADEC /* Resources */ = {
			isa = PBXGroup;
			children = (
				89597E2F27F7F5AA00CDADEC /* UIs */,
				89597E2E27F7F5A400CDADEC /* Fonts */,
				89597E2D27F7F59A00CDADEC /* Assets */,
			);
			path = Resources;
			sourceTree = "<group>";
		};
		89597E2D27F7F59A00CDADEC /* Assets */ = {
			isa = PBXGroup;
			children = (
			);
			path = Assets;
			sourceTree = "<group>";
		};
		89597E2E27F7F5A400CDADEC /* Fonts */ = {
			isa = PBXGroup;
			children = (
			);
			path = Fonts;
			sourceTree = "<group>";
		};
		89597E2F27F7F5AA00CDADEC /* UIs */ = {
			isa = PBXGroup;
			children = (
			);
			path = UIs;
			sourceTree = "<group>";
		};
		8992E97C2813E398000C9BEE /* Data */ = {
			isa = PBXGroup;
			children = (
				8992E97D2813E3C8000C9BEE /* ProductItem.swift */,
				8943A9ED281BB2AA0045FF71 /* MyOrder.swift */,
				8943A9F3281BF1FA0045FF71 /* MyCart.swift */,
			);
			path = Data;
			sourceTree = "<group>";
		};
/* End PBXGroup section */

/* Begin PBXNativeTarget section */
		89597E0427F7F12500CDADEC /* IT19180526 */ = {
			isa = PBXNativeTarget;
			buildConfigurationList = 89597E1C27F7F12600CDADEC /* Build configuration list for PBXNativeTarget "IT19180526" */;
			buildPhases = (
				89597E0127F7F12500CDADEC /* Sources */,
				89597E0227F7F12500CDADEC /* Frameworks */,
				89597E0327F7F12500CDADEC /* Resources */,
			);
			buildRules = (
			);
			dependencies = (
			);
			name = IT19180526;
			productName = IT19180526;
			productReference = 89597E0527F7F12500CDADEC /* IT19180526.app */;
			productType = "com.apple.product-type.application";
		};
/* End PBXNativeTarget section */

/* Begin PBXProject section */
		89597DFD27F7F12500CDADEC /* Project object */ = {
			isa = PBXProject;
			attributes = {
				LastSwiftUpdateCheck = 1130;
				LastUpgradeCheck = 1130;
				ORGANIZATIONNAME = "Interactive Media";
				TargetAttributes = {
					89597E0427F7F12500CDADEC = {
						CreatedOnToolsVersion = 11.3;
					};
				};
			};
			buildConfigurationList = 89597E0027F7F12500CDADEC /* Build configuration list for PBXProject "IT19180526" */;
			compatibilityVersion = "Xcode 9.3";
			developmentRegion = en;
			hasScannedForEncodings = 0;
			knownRegions = (
				en,
				Base,
			);
			mainGroup = 89597DFC27F7F12500CDADEC;
			productRefGroup = 89597E0627F7F12500CDADEC /* Products */;
			projectDirPath = "";
			projectRoot = "";
			targets = (
				89597E0427F7F12500CDADEC /* IT19180526 */,
			);
		};
/* End PBXProject section */

/* Begin PBXResourcesBuildPhase section */
		89597E0327F7F12500CDADEC /* Resources */ = {
			isa = PBXResourcesBuildPhase;
			buildActionMask = 2147483647;
			files = (
				89597E1827F7F12600CDADEC /* LaunchScreen.storyboard in Resources */,
				89597E1527F7F12600CDADEC /* Assets.xcassets in Resources */,
				89597E1027F7F12500CDADEC /* Main.storyboard in Resources */,
			);
			runOnlyForDeploymentPostprocessing = 0;
		};
/* End PBXResourcesBuildPhase section */

/* Begin PBXSourcesBuildPhase section */
		89597E0127F7F12500CDADEC /* Sources */ = {
			isa = PBXSourcesBuildPhase;
			buildActionMask = 2147483647;
			files = (
				89597E1327F7F12500CDADEC /* IT19180526.xcdatamodeld in Sources */,
				89597E0D27F7F12500CDADEC /* ViewController.swift in Sources */,
				8992E98028140B78000C9BEE /* NewProductsListCollectionViewCell.swift in Sources */,
				89CCA87228015C0B009F9DC4 /* LandingViewController.swift in Sources */,
				89597E2627F7F42E00CDADEC /* User+CoreDataProperties.swift in Sources */,
				8943A9F4281BF1FA0045FF71 /* MyCart.swift in Sources */,
				89597E3D27F8168A00CDADEC /* AboutViewController.swift in Sources */,
				89597E2427F7F42E00CDADEC /* Product+CoreDataProperties.swift in Sources */,
				89597E0927F7F12500CDADEC /* AppDelegate.swift in Sources */,
				89597E2327F7F42E00CDADEC /* Product+CoreDataClass.swift in Sources */,
				89597E3727F815E900CDADEC /* SignupViewController.swift in Sources */,
				89F9698528156E300087AC9E /* TermConditionViewController.swift in Sources */,
				89CCA87828015CDC009F9DC4 /* CartViewController.swift in Sources */,
				89CCA87628015CCC009F9DC4 /* MoreViewController.swift in Sources */,
				89597E0B27F7F12500CDADEC /* SceneDelegate.swift in Sources */,
				89597E3527F8156E00CDADEC /* HomeViewController.swift in Sources */,
				8992E9792813CC65000C9BEE /* NewProductsViewController.swift in Sources */,
				8992E97B2813E03A000C9BEE /* FeaturedProductListCollectionViewCell.swift in Sources */,
				89F9698728156E4C0087AC9E /* PrivacyViewController.swift in Sources */,
				89CCA87428015CC0009F9DC4 /* MyOrdersViewController.swift in Sources */,
				89597E2527F7F42E00CDADEC /* User+CoreDataClass.swift in Sources */,
				8992E97E2813E3C8000C9BEE /* ProductItem.swift in Sources */,
				8943A9EE281BB2AA0045FF71 /* MyOrder.swift in Sources */,
				89597E3927F8160600CDADEC /* ForgotPasswordViewController.swift in Sources */,
				89597E3327F8154800CDADEC /* LoginViewController.swift in Sources */,
				89597E3127F7F60300CDADEC /* Constants.swift in Sources */,
				89CCA87C280165BF009F9DC4 /* HomeUITabBarController.swift in Sources */,
				8943A9F0281BBE690045FF71 /* MyOrderTableViewCell.swift in Sources */,
				8943A9F2281BE35E0045FF71 /* CartTableViewCell.swift in Sources */,
				8992E9772813CC38000C9BEE /* FeaturedProductsViewController.swift in Sources */,
				89597E3B27F8162600CDADEC /* ResetPasswordViewController.swift in Sources */,
				8992E989281414D3000C9BEE /* HomeNewProductsCollectionViewCell.swift in Sources */,
				89F96983281532160087AC9E /* ProductInfoViewController.swift in Sources */,
				8992E986281414B8000C9BEE /* HomeFeaturedProductsCollectionViewCell.swift in Sources */,
			);
			runOnlyForDeploymentPostprocessing = 0;
		};
/* End PBXSourcesBuildPhase section */

/* Begin PBXVariantGroup section */
		89597E0E27F7F12500CDADEC /* Main.storyboard */ = {
			isa = PBXVariantGroup;
			children = (
				89597E0F27F7F12500CDADEC /* Base */,
			);
			name = Main.storyboard;
			sourceTree = "<group>";
		};
		89597E1627F7F12600CDADEC /* LaunchScreen.storyboard */ = {
			isa = PBXVariantGroup;
			children = (
				89597E1727F7F12600CDADEC /* Base */,
			);
			name = LaunchScreen.storyboard;
			sourceTree = "<group>";
		};
/* End PBXVariantGroup section */

/* Begin XCBuildConfiguration section */
		89597E1A27F7F12600CDADEC /* Debug */ = {
			isa = XCBuildConfiguration;
			buildSettings = {
				ALWAYS_SEARCH_USER_PATHS = NO;
				CLANG_ANALYZER_NONNULL = YES;
				CLANG_ANALYZER_NUMBER_OBJECT_CONVERSION = YES_AGGRESSIVE;
				CLANG_CXX_LANGUAGE_STANDARD = "gnu++14";
				CLANG_CXX_LIBRARY = "libc++";
				CLANG_ENABLE_MODULES = YES;
				CLANG_ENABLE_OBJC_ARC = YES;
				CLANG_ENABLE_OBJC_WEAK = YES;
				CLANG_WARN_BLOCK_CAPTURE_AUTORELEASING = YES;
				CLANG_WARN_BOOL_CONVERSION = YES;
				CLANG_WARN_COMMA = YES;
				CLANG_WARN_CONSTANT_CONVERSION = YES;
				CLANG_WARN_DEPRECATED_OBJC_IMPLEMENTATIONS = YES;
				CLANG_WARN_DIRECT_OBJC_ISA_USAGE = YES_ERROR;
				CLANG_WARN_DOCUMENTATION_COMMENTS = YES;
				CLANG_WARN_EMPTY_BODY = YES;
				CLANG_WARN_ENUM_CONVERSION = YES;
				CLANG_WARN_INFINITE_RECURSION = YES;
				CLANG_WARN_INT_CONVERSION = YES;
				CLANG_WARN_NON_LITERAL_NULL_CONVERSION = YES;
				CLANG_WARN_OBJC_IMPLICIT_RETAIN_SELF = YES;
				CLANG_WARN_OBJC_LITERAL_CONVERSION = YES;
				CLANG_WARN_OBJC_ROOT_CLASS = YES_ERROR;
				CLANG_WARN_RANGE_LOOP_ANALYSIS = YES;
				CLANG_WARN_STRICT_PROTOTYPES = YES;
				CLANG_WARN_SUSPICIOUS_MOVE = YES;
				CLANG_WARN_UNGUARDED_AVAILABILITY = YES_AGGRESSIVE;
				CLANG_WARN_UNREACHABLE_CODE = YES;
				CLANG_WARN__DUPLICATE_METHOD_MATCH = YES;
				COPY_PHASE_STRIP = NO;
				DEBUG_INFORMATION_FORMAT = dwarf;
				ENABLE_STRICT_OBJC_MSGSEND = YES;
				ENABLE_TESTABILITY = YES;
				GCC_C_LANGUAGE_STANDARD = gnu11;
				GCC_DYNAMIC_NO_PIC = NO;
				GCC_NO_COMMON_BLOCKS = YES;
				GCC_OPTIMIZATION_LEVEL = 0;
				GCC_PREPROCESSOR_DEFINITIONS = (
					"DEBUG=1",
					"$(inherited)",
				);
				GCC_WARN_64_TO_32_BIT_CONVERSION = YES;
				GCC_WARN_ABOUT_RETURN_TYPE = YES_ERROR;
				GCC_WARN_UNDECLARED_SELECTOR = YES;
				GCC_WARN_UNINITIALIZED_AUTOS = YES_AGGRESSIVE;
				GCC_WARN_UNUSED_FUNCTION = YES;
				GCC_WARN_UNUSED_VARIABLE = YES;
				IPHONEOS_DEPLOYMENT_TARGET = 13.2;
				MTL_ENABLE_DEBUG_INFO = INCLUDE_SOURCE;
				MTL_FAST_MATH = YES;
				ONLY_ACTIVE_ARCH = YES;
				SDKROOT = iphoneos;
				SWIFT_ACTIVE_COMPILATION_CONDITIONS = DEBUG;
				SWIFT_OPTIMIZATION_LEVEL = "-Onone";
			};
			name = Debug;
		};
		89597E1B27F7F12600CDADEC /* Release */ = {
			isa = XCBuildConfiguration;
			buildSettings = {
				ALWAYS_SEARCH_USER_PATHS = NO;
				CLANG_ANALYZER_NONNULL = YES;
				CLANG_ANALYZER_NUMBER_OBJECT_CONVERSION = YES_AGGRESSIVE;
				CLANG_CXX_LANGUAGE_STANDARD = "gnu++14";
				CLANG_CXX_LIBRARY = "libc++";
				CLANG_ENABLE_MODULES = YES;
				CLANG_ENABLE_OBJC_ARC = YES;
				CLANG_ENABLE_OBJC_WEAK = YES;
				CLANG_WARN_BLOCK_CAPTURE_AUTORELEASING = YES;
				CLANG_WARN_BOOL_CONVERSION = YES;
				CLANG_WARN_COMMA = YES;
				CLANG_WARN_CONSTANT_CONVERSION = YES;
				CLANG_WARN_DEPRECATED_OBJC_IMPLEMENTATIONS = YES;
				CLANG_WARN_DIRECT_OBJC_ISA_USAGE = YES_ERROR;
				CLANG_WARN_DOCUMENTATION_COMMENTS = YES;
				CLANG_WARN_EMPTY_BODY = YES;
				CLANG_WARN_ENUM_CONVERSION = YES;
				CLANG_WARN_INFINITE_RECURSION = YES;
				CLANG_WARN_INT_CONVERSION = YES;
				CLANG_WARN_NON_LITERAL_NULL_CONVERSION = YES;
				CLANG_WARN_OBJC_IMPLICIT_RETAIN_SELF = YES;
				CLANG_WARN_OBJC_LITERAL_CONVERSION = YES;
				CLANG_WARN_OBJC_ROOT_CLASS = YES_ERROR;
				CLANG_WARN_RANGE_LOOP_ANALYSIS = YES;
				CLANG_WARN_STRICT_PROTOTYPES = YES;
				CLANG_WARN_SUSPICIOUS_MOVE = YES;
				CLANG_WARN_UNGUARDED_AVAILABILITY = YES_AGGRESSIVE;
				CLANG_WARN_UNREACHABLE_CODE = YES;
				CLANG_WARN__DUPLICATE_METHOD_MATCH = YES;
				COPY_PHASE_STRIP = NO;
				DEBUG_INFORMATION_FORMAT = "dwarf-with-dsym";
				ENABLE_NS_ASSERTIONS = NO;
				ENABLE_STRICT_OBJC_MSGSEND = YES;
				GCC_C_LANGUAGE_STANDARD = gnu11;
				GCC_NO_COMMON_BLOCKS = YES;
				GCC_WARN_64_TO_32_BIT_CONVERSION = YES;
				GCC_WARN_ABOUT_RETURN_TYPE = YES_ERROR;
				GCC_WARN_UNDECLARED_SELECTOR = YES;
				GCC_WARN_UNINITIALIZED_AUTOS = YES_AGGRESSIVE;
				GCC_WARN_UNUSED_FUNCTION = YES;
				GCC_WARN_UNUSED_VARIABLE = YES;
				IPHONEOS_DEPLOYMENT_TARGET = 13.2;
				MTL_ENABLE_DEBUG_INFO = NO;
				MTL_FAST_MATH = YES;
				SDKROOT = iphoneos;
				SWIFT_COMPILATION_MODE = wholemodule;
				SWIFT_OPTIMIZATION_LEVEL = "-O";
				VALIDATE_PRODUCT = YES;
			};
			name = Release;
		};
		89597E1D27F7F12600CDADEC /* Debug */ = {
			isa = XCBuildConfiguration;
			buildSettings = {
				ASSETCATALOG_COMPILER_APPICON_NAME = AppIcon;
				CODE_SIGN_STYLE = Automatic;
				INFOPLIST_FILE = IT19180526/Info.plist;
				LD_RUNPATH_SEARCH_PATHS = (
					"$(inherited)",
					"@executable_path/Frameworks",
				);
				PRODUCT_BUNDLE_IDENTIFIER = com.sliit.test1.IT19180526;
				PRODUCT_NAME = "$(TARGET_NAME)";
				SWIFT_VERSION = 5.0;
				TARGETED_DEVICE_FAMILY = "1,2";
			};
			name = Debug;
		};
		89597E1E27F7F12600CDADEC /* Release */ = {
			isa = XCBuildConfiguration;
			buildSettings = {
				ASSETCATALOG_COMPILER_APPICON_NAME = AppIcon;
				CODE_SIGN_STYLE = Automatic;
				INFOPLIST_FILE = IT19180526/Info.plist;
				LD_RUNPATH_SEARCH_PATHS = (
					"$(inherited)",
					"@executable_path/Frameworks",
				);
				PRODUCT_BUNDLE_IDENTIFIER = com.sliit.test1.IT19180526;
				PRODUCT_NAME = "$(TARGET_NAME)";
				SWIFT_VERSION = 5.0;
				TARGETED_DEVICE_FAMILY = "1,2";
			};
			name = Release;
		};
/* End XCBuildConfiguration section */

/* Begin XCConfigurationList section */
		89597E0027F7F12500CDADEC /* Build configuration list for PBXProject "IT19180526" */ = {
			isa = XCConfigurationList;
			buildConfigurations = (
				89597E1A27F7F12600CDADEC /* Debug */,
				89597E1B27F7F12600CDADEC /* Release */,
			);
			defaultConfigurationIsVisible = 0;
			defaultConfigurationName = Release;
		};
		89597E1C27F7F12600CDADEC /* Build configuration list for PBXNativeTarget "IT19180526" */ = {
			isa = XCConfigurationList;
			buildConfigurations = (
				89597E1D27F7F12600CDADEC /* Debug */,
				89597E1E27F7F12600CDADEC /* Release */,
			);
			defaultConfigurationIsVisible = 0;
			defaultConfigurationName = Release;
		};
/* End XCConfigurationList section */

/* Begin XCVersionGroup section */
		89597E1127F7F12500CDADEC /* IT19180526.xcdatamodeld */ = {
			isa = XCVersionGroup;
			children = (
				89597E1227F7F12500CDADEC /* IT19180526.xcdatamodel */,
			);
			currentVersion = 89597E1227F7F12500CDADEC /* IT19180526.xcdatamodel */;
			path = IT19180526.xcdatamodeld;
			sourceTree = "<group>";
			versionGroupType = wrapper.xcdatamodel;
		};
/* End XCVersionGroup section */
	};
	rootObject = 89597DFD27F7F12500CDADEC /* Project object */;
}
